// !$*UTF8*$!
{
	archiveVersion = 1;
	classes = {
	};
	objectVersion = 48;
	objects = {

/* Begin PBXBuildFile section */
		083098421F972966008EAA5A /* LYPlayer.swift in Sources */ = {isa = PBXBuildFile; fileRef = 083098411F972966008EAA5A /* LYPlayer.swift */; };
		0842EE821F8DEFD200343ADE /* LYValueTrackingSlider.swift in Sources */ = {isa = PBXBuildFile; fileRef = 0842EE811F8DEFD200343ADE /* LYValueTrackingSlider.swift */; };
		084A937C1F8B4CA500C3EA7F /* AppDelegate.swift in Sources */ = {isa = PBXBuildFile; fileRef = 084A937B1F8B4CA500C3EA7F /* AppDelegate.swift */; };
		084A937E1F8B4CA500C3EA7F /* ViewController.swift in Sources */ = {isa = PBXBuildFile; fileRef = 084A937D1F8B4CA500C3EA7F /* ViewController.swift */; };
		084A93811F8B4CA500C3EA7F /* Main.storyboard in Resources */ = {isa = PBXBuildFile; fileRef = 084A937F1F8B4CA500C3EA7F /* Main.storyboard */; };
		084A93831F8B4CA500C3EA7F /* Assets.xcassets in Resources */ = {isa = PBXBuildFile; fileRef = 084A93821F8B4CA500C3EA7F /* Assets.xcassets */; };
		084A93861F8B4CA500C3EA7F /* LaunchScreen.storyboard in Resources */ = {isa = PBXBuildFile; fileRef = 084A93841F8B4CA500C3EA7F /* LaunchScreen.storyboard */; };
		084A93911F8B4CA500C3EA7F /* LYPlayerTests.swift in Sources */ = {isa = PBXBuildFile; fileRef = 084A93901F8B4CA500C3EA7F /* LYPlayerTests.swift */; };
		084A939C1F8B4CA500C3EA7F /* LYPlayerUITests.swift in Sources */ = {isa = PBXBuildFile; fileRef = 084A939B1F8B4CA500C3EA7F /* LYPlayerUITests.swift */; };
		084A93AB1F8B53D900C3EA7F /* VideoListViewController.swift in Sources */ = {isa = PBXBuildFile; fileRef = 084A93AA1F8B53D900C3EA7F /* VideoListViewController.swift */; };
		084A93AE1F8B55D900C3EA7F /* MoviePlayerViewController.swift in Sources */ = {isa = PBXBuildFile; fileRef = 084A93AD1F8B55D900C3EA7F /* MoviePlayerViewController.swift */; };
		084A93B11F8B61BF00C3EA7F /* LYPlayerControllerView.swift in Sources */ = {isa = PBXBuildFile; fileRef = 084A93B01F8B61BF00C3EA7F /* LYPlayerControllerView.swift */; };
		084A93B31F8B6E6C00C3EA7F /* LYPlayerModel.swift in Sources */ = {isa = PBXBuildFile; fileRef = 084A93B21F8B6E6C00C3EA7F /* LYPlayerModel.swift */; };
		084A93B51F8B722100C3EA7F /* LYPlayer.bundle in Resources */ = {isa = PBXBuildFile; fileRef = 084A93B41F8B722100C3EA7F /* LYPlayer.bundle */; };
		08526DE51F9DC3BA00C9D716 /* LYPlayerView.swift in Sources */ = {isa = PBXBuildFile; fileRef = 08526DE41F9DC3BA00C9D716 /* LYPlayerView.swift */; };
		08526DE81F9DC8A100C9D716 /* VideoTableViewController.swift in Sources */ = {isa = PBXBuildFile; fileRef = 08526DE71F9DC8A100C9D716 /* VideoTableViewController.swift */; };
		08526DEA1F9DC8B200C9D716 /* VideoCollectionViewController.swift in Sources */ = {isa = PBXBuildFile; fileRef = 08526DE91F9DC8B200C9D716 /* VideoCollectionViewController.swift */; };
		08526DEC1F9DC8D200C9D716 /* DownloadTableViewController.swift in Sources */ = {isa = PBXBuildFile; fileRef = 08526DEB1F9DC8D200C9D716 /* DownloadTableViewController.swift */; };
		08526DF01F9DC90E00C9D716 /* VideoTableCell.swift in Sources */ = {isa = PBXBuildFile; fileRef = 08526DEE1F9DC90E00C9D716 /* VideoTableCell.swift */; };
		08526DF11F9DC90E00C9D716 /* VideoTableCell.xib in Resources */ = {isa = PBXBuildFile; fileRef = 08526DEF1F9DC90E00C9D716 /* VideoTableCell.xib */; };
		08526DF41F9DC92600C9D716 /* VideoCollectionCell.swift in Sources */ = {isa = PBXBuildFile; fileRef = 08526DF21F9DC92600C9D716 /* VideoCollectionCell.swift */; };
		08526DF51F9DC92600C9D716 /* VideoCollectionCell.xib in Resources */ = {isa = PBXBuildFile; fileRef = 08526DF31F9DC92600C9D716 /* VideoCollectionCell.xib */; };
		08526DFB1F9DD9FB00C9D716 /* videoData.json in Resources */ = {isa = PBXBuildFile; fileRef = 08526DFA1F9DD9FB00C9D716 /* videoData.json */; };
		087E24D41F8CC488003A916A /* LYValuePopUpView.swift in Sources */ = {isa = PBXBuildFile; fileRef = 087E24D31F8CC488003A916A /* LYValuePopUpView.swift */; };
		08D528751FA18F4100B1F88B /* libReveal.dylib in Sources */ = {isa = PBXBuildFile; fileRef = 08D528741FA18F2B00B1F88B /* libReveal.dylib */; };
		43C1A757CA7C90F84AB7AEFF /* Pods_LYPlayerTests.framework in Frameworks */ = {isa = PBXBuildFile; fileRef = F1AAE31DF80E8F092961AA9F /* Pods_LYPlayerTests.framework */; };
		46D8EF2C509F61D58362A4F2 /* Pods_LYPlayer.framework in Frameworks */ = {isa = PBXBuildFile; fileRef = 928ECAB1C7CEC1376B53B4B7 /* Pods_LYPlayer.framework */; };
		C130D5A41B04C2A625405D84 /* Pods_LYPlayerUITests.framework in Frameworks */ = {isa = PBXBuildFile; fileRef = 5E0DC52530CE917E09B889E8 /* Pods_LYPlayerUITests.framework */; };
/* End PBXBuildFile section */

/* Begin PBXContainerItemProxy section */
		084A938D1F8B4CA500C3EA7F /* PBXContainerItemProxy */ = {
			isa = PBXContainerItemProxy;
			containerPortal = 084A93701F8B4CA500C3EA7F /* Project object */;
			proxyType = 1;
			remoteGlobalIDString = 084A93771F8B4CA500C3EA7F;
			remoteInfo = LYPlayer;
		};
		084A93981F8B4CA500C3EA7F /* PBXContainerItemProxy */ = {
			isa = PBXContainerItemProxy;
			containerPortal = 084A93701F8B4CA500C3EA7F /* Project object */;
			proxyType = 1;
			remoteGlobalIDString = 084A93771F8B4CA500C3EA7F;
			remoteInfo = LYPlayer;
		};
/* End PBXContainerItemProxy section */

/* Begin PBXFileReference section */
		083098411F972966008EAA5A /* LYPlayer.swift */ = {isa = PBXFileReference; lastKnownFileType = sourcecode.swift; path = LYPlayer.swift; sourceTree = "<group>"; };
		0842EE811F8DEFD200343ADE /* LYValueTrackingSlider.swift */ = {isa = PBXFileReference; lastKnownFileType = sourcecode.swift; path = LYValueTrackingSlider.swift; sourceTree = "<group>"; };
		084A93781F8B4CA500C3EA7F /* LYPlayer.app */ = {isa = PBXFileReference; explicitFileType = wrapper.application; includeInIndex = 0; path = LYPlayer.app; sourceTree = BUILT_PRODUCTS_DIR; };
		084A937B1F8B4CA500C3EA7F /* AppDelegate.swift */ = {isa = PBXFileReference; lastKnownFileType = sourcecode.swift; path = AppDelegate.swift; sourceTree = "<group>"; };
		084A937D1F8B4CA500C3EA7F /* ViewController.swift */ = {isa = PBXFileReference; lastKnownFileType = sourcecode.swift; path = ViewController.swift; sourceTree = "<group>"; };
		084A93801F8B4CA500C3EA7F /* Base */ = {isa = PBXFileReference; lastKnownFileType = file.storyboard; name = Base; path = Base.lproj/Main.storyboard; sourceTree = "<group>"; };
		084A93821F8B4CA500C3EA7F /* Assets.xcassets */ = {isa = PBXFileReference; lastKnownFileType = folder.assetcatalog; path = Assets.xcassets; sourceTree = "<group>"; };
		084A93851F8B4CA500C3EA7F /* Base */ = {isa = PBXFileReference; lastKnownFileType = file.storyboard; name = Base; path = Base.lproj/LaunchScreen.storyboard; sourceTree = "<group>"; };
		084A93871F8B4CA500C3EA7F /* Info.plist */ = {isa = PBXFileReference; lastKnownFileType = text.plist.xml; path = Info.plist; sourceTree = "<group>"; };
		084A938C1F8B4CA500C3EA7F /* LYPlayerTests.xctest */ = {isa = PBXFileReference; explicitFileType = wrapper.cfbundle; includeInIndex = 0; path = LYPlayerTests.xctest; sourceTree = BUILT_PRODUCTS_DIR; };
		084A93901F8B4CA500C3EA7F /* LYPlayerTests.swift */ = {isa = PBXFileReference; lastKnownFileType = sourcecode.swift; path = LYPlayerTests.swift; sourceTree = "<group>"; };
		084A93921F8B4CA500C3EA7F /* Info.plist */ = {isa = PBXFileReference; lastKnownFileType = text.plist.xml; path = Info.plist; sourceTree = "<group>"; };
		084A93971F8B4CA500C3EA7F /* LYPlayerUITests.xctest */ = {isa = PBXFileReference; explicitFileType = wrapper.cfbundle; includeInIndex = 0; path = LYPlayerUITests.xctest; sourceTree = BUILT_PRODUCTS_DIR; };
		084A939B1F8B4CA500C3EA7F /* LYPlayerUITests.swift */ = {isa = PBXFileReference; lastKnownFileType = sourcecode.swift; path = LYPlayerUITests.swift; sourceTree = "<group>"; };
		084A939D1F8B4CA500C3EA7F /* Info.plist */ = {isa = PBXFileReference; lastKnownFileType = text.plist.xml; path = Info.plist; sourceTree = "<group>"; };
		084A93AA1F8B53D900C3EA7F /* VideoListViewController.swift */ = {isa = PBXFileReference; lastKnownFileType = sourcecode.swift; path = VideoListViewController.swift; sourceTree = "<group>"; };
		084A93AD1F8B55D900C3EA7F /* MoviePlayerViewController.swift */ = {isa = PBXFileReference; lastKnownFileType = sourcecode.swift; path = MoviePlayerViewController.swift; sourceTree = "<group>"; };
		084A93B01F8B61BF00C3EA7F /* LYPlayerControllerView.swift */ = {isa = PBXFileReference; lastKnownFileType = sourcecode.swift; path = LYPlayerControllerView.swift; sourceTree = "<group>"; };
		084A93B21F8B6E6C00C3EA7F /* LYPlayerModel.swift */ = {isa = PBXFileReference; lastKnownFileType = sourcecode.swift; path = LYPlayerModel.swift; sourceTree = "<group>"; };
		084A93B41F8B722100C3EA7F /* LYPlayer.bundle */ = {isa = PBXFileReference; lastKnownFileType = "wrapper.plug-in"; path = LYPlayer.bundle; sourceTree = "<group>"; };
		08526DE41F9DC3BA00C9D716 /* LYPlayerView.swift */ = {isa = PBXFileReference; lastKnownFileType = sourcecode.swift; path = LYPlayerView.swift; sourceTree = "<group>"; };
		08526DE71F9DC8A100C9D716 /* VideoTableViewController.swift */ = {isa = PBXFileReference; lastKnownFileType = sourcecode.swift; path = VideoTableViewController.swift; sourceTree = "<group>"; };
		08526DE91F9DC8B200C9D716 /* VideoCollectionViewController.swift */ = {isa = PBXFileReference; lastKnownFileType = sourcecode.swift; path = VideoCollectionViewController.swift; sourceTree = "<group>"; };
		08526DEB1F9DC8D200C9D716 /* DownloadTableViewController.swift */ = {isa = PBXFileReference; lastKnownFileType = sourcecode.swift; path = DownloadTableViewController.swift; sourceTree = "<group>"; };
		08526DEE1F9DC90E00C9D716 /* VideoTableCell.swift */ = {isa = PBXFileReference; lastKnownFileType = sourcecode.swift; path = VideoTableCell.swift; sourceTree = "<group>"; };
		08526DEF1F9DC90E00C9D716 /* VideoTableCell.xib */ = {isa = PBXFileReference; lastKnownFileType = file.xib; path = VideoTableCell.xib; sourceTree = "<group>"; };
		08526DF21F9DC92600C9D716 /* VideoCollectionCell.swift */ = {isa = PBXFileReference; lastKnownFileType = sourcecode.swift; path = VideoCollectionCell.swift; sourceTree = "<group>"; };
		08526DF31F9DC92600C9D716 /* VideoCollectionCell.xib */ = {isa = PBXFileReference; lastKnownFileType = file.xib; path = VideoCollectionCell.xib; sourceTree = "<group>"; };
		08526DFA1F9DD9FB00C9D716 /* videoData.json */ = {isa = PBXFileReference; lastKnownFileType = text.json; path = videoData.json; sourceTree = "<group>"; };
		087E24D31F8CC488003A916A /* LYValuePopUpView.swift */ = {isa = PBXFileReference; lastKnownFileType = sourcecode.swift; path = LYValuePopUpView.swift; sourceTree = "<group>"; };
		08D528741FA18F2B00B1F88B /* libReveal.dylib */ = {isa = PBXFileReference; lastKnownFileType = "compiled.mach-o.dylib"; path = libReveal.dylib; sourceTree = "<group>"; };
		4500661D84D275E5114F18EE /* Pods-LYPlayer.debug.xcconfig */ = {isa = PBXFileReference; includeInIndex = 1; lastKnownFileType = text.xcconfig; name = "Pods-LYPlayer.debug.xcconfig"; path = "Pods/Target Support Files/Pods-LYPlayer/Pods-LYPlayer.debug.xcconfig"; sourceTree = "<group>"; };
		48DA15B4D4258724172F737E /* Pods-LYPlayerUITests.debug.xcconfig */ = {isa = PBXFileReference; includeInIndex = 1; lastKnownFileType = text.xcconfig; name = "Pods-LYPlayerUITests.debug.xcconfig"; path = "Pods/Target Support Files/Pods-LYPlayerUITests/Pods-LYPlayerUITests.debug.xcconfig"; sourceTree = "<group>"; };
		4EFD88BBD3FA2D3CFC856C52 /* Pods-LYPlayerTests.release.xcconfig */ = {isa = PBXFileReference; includeInIndex = 1; lastKnownFileType = text.xcconfig; name = "Pods-LYPlayerTests.release.xcconfig"; path = "Pods/Target Support Files/Pods-LYPlayerTests/Pods-LYPlayerTests.release.xcconfig"; sourceTree = "<group>"; };
		5E0DC52530CE917E09B889E8 /* Pods_LYPlayerUITests.framework */ = {isa = PBXFileReference; explicitFileType = wrapper.framework; includeInIndex = 0; path = Pods_LYPlayerUITests.framework; sourceTree = BUILT_PRODUCTS_DIR; };
		6376942ADB044CD3BB77A299 /* Pods-LYPlayer.release.xcconfig */ = {isa = PBXFileReference; includeInIndex = 1; lastKnownFileType = text.xcconfig; name = "Pods-LYPlayer.release.xcconfig"; path = "Pods/Target Support Files/Pods-LYPlayer/Pods-LYPlayer.release.xcconfig"; sourceTree = "<group>"; };
		7EF6FE080EA85898034C25D7 /* Pods-LYPlayerTests.debug.xcconfig */ = {isa = PBXFileReference; includeInIndex = 1; lastKnownFileType = text.xcconfig; name = "Pods-LYPlayerTests.debug.xcconfig"; path = "Pods/Target Support Files/Pods-LYPlayerTests/Pods-LYPlayerTests.debug.xcconfig"; sourceTree = "<group>"; };
		928ECAB1C7CEC1376B53B4B7 /* Pods_LYPlayer.framework */ = {isa = PBXFileReference; explicitFileType = wrapper.framework; includeInIndex = 0; path = Pods_LYPlayer.framework; sourceTree = BUILT_PRODUCTS_DIR; };
		CA3AF020DF845C3FEDAE7A6B /* Pods-LYPlayerUITests.release.xcconfig */ = {isa = PBXFileReference; includeInIndex = 1; lastKnownFileType = text.xcconfig; name = "Pods-LYPlayerUITests.release.xcconfig"; path = "Pods/Target Support Files/Pods-LYPlayerUITests/Pods-LYPlayerUITests.release.xcconfig"; sourceTree = "<group>"; };
		F1AAE31DF80E8F092961AA9F /* Pods_LYPlayerTests.framework */ = {isa = PBXFileReference; explicitFileType = wrapper.framework; includeInIndex = 0; path = Pods_LYPlayerTests.framework; sourceTree = BUILT_PRODUCTS_DIR; };
/* End PBXFileReference section */

/* Begin PBXFrameworksBuildPhase section */
		084A93751F8B4CA500C3EA7F /* Frameworks */ = {
			isa = PBXFrameworksBuildPhase;
			buildActionMask = 2147483647;
			files = (
				46D8EF2C509F61D58362A4F2 /* Pods_LYPlayer.framework in Frameworks */,
			);
			runOnlyForDeploymentPostprocessing = 0;
		};
		084A93891F8B4CA500C3EA7F /* Frameworks */ = {
			isa = PBXFrameworksBuildPhase;
			buildActionMask = 2147483647;
			files = (
				43C1A757CA7C90F84AB7AEFF /* Pods_LYPlayerTests.framework in Frameworks */,
			);
			runOnlyForDeploymentPostprocessing = 0;
		};
		084A93941F8B4CA500C3EA7F /* Frameworks */ = {
			isa = PBXFrameworksBuildPhase;
			buildActionMask = 2147483647;
			files = (
				C130D5A41B04C2A625405D84 /* Pods_LYPlayerUITests.framework in Frameworks */,
			);
			runOnlyForDeploymentPostprocessing = 0;
		};
/* End PBXFrameworksBuildPhase section */

/* Begin PBXGroup section */
		084A936F1F8B4CA500C3EA7F = {
			isa = PBXGroup;
			children = (
				084A937A1F8B4CA500C3EA7F /* LYPlayer */,
				084A938F1F8B4CA500C3EA7F /* LYPlayerTests */,
				084A939A1F8B4CA500C3EA7F /* LYPlayerUITests */,
				084A93791F8B4CA500C3EA7F /* Products */,
				3AECA8EC6EE46D5BFA598F9E /* Pods */,
				BA71DA148942AC2CE8BD3DDC /* Frameworks */,
			);
			sourceTree = "<group>";
		};
		084A93791F8B4CA500C3EA7F /* Products */ = {
			isa = PBXGroup;
			children = (
				084A93781F8B4CA500C3EA7F /* LYPlayer.app */,
				084A938C1F8B4CA500C3EA7F /* LYPlayerTests.xctest */,
				084A93971F8B4CA500C3EA7F /* LYPlayerUITests.xctest */,
			);
			name = Products;
			sourceTree = "<group>";
		};
		084A937A1F8B4CA500C3EA7F /* LYPlayer */ = {
			isa = PBXGroup;
			children = (
				084A93AF1F8B618200C3EA7F /* Player */,
				084A93AC1F8B55A400C3EA7F /* PlayViewController */,
				084A93A91F8B535B00C3EA7F /* Views */,
				084A937B1F8B4CA500C3EA7F /* AppDelegate.swift */,
				084A937D1F8B4CA500C3EA7F /* ViewController.swift */,
				084A937F1F8B4CA500C3EA7F /* Main.storyboard */,
				084A93821F8B4CA500C3EA7F /* Assets.xcassets */,
				084A93841F8B4CA500C3EA7F /* LaunchScreen.storyboard */,
				084A93871F8B4CA500C3EA7F /* Info.plist */,
			);
			path = LYPlayer;
			sourceTree = "<group>";
		};
		084A938F1F8B4CA500C3EA7F /* LYPlayerTests */ = {
			isa = PBXGroup;
			children = (
				084A93901F8B4CA500C3EA7F /* LYPlayerTests.swift */,
				084A93921F8B4CA500C3EA7F /* Info.plist */,
			);
			path = LYPlayerTests;
			sourceTree = "<group>";
		};
		084A939A1F8B4CA500C3EA7F /* LYPlayerUITests */ = {
			isa = PBXGroup;
			children = (
				084A939B1F8B4CA500C3EA7F /* LYPlayerUITests.swift */,
				084A939D1F8B4CA500C3EA7F /* Info.plist */,
			);
			path = LYPlayerUITests;
			sourceTree = "<group>";
		};
		084A93A91F8B535B00C3EA7F /* Views */ = {
			isa = PBXGroup;
			children = (
				08526DED1F9DC8EF00C9D716 /* cell */,
				084A93AA1F8B53D900C3EA7F /* VideoListViewController.swift */,
				08526DE71F9DC8A100C9D716 /* VideoTableViewController.swift */,
				08526DE91F9DC8B200C9D716 /* VideoCollectionViewController.swift */,
				08526DEB1F9DC8D200C9D716 /* DownloadTableViewController.swift */,
				08526DFA1F9DD9FB00C9D716 /* videoData.json */,
			);
			path = Views;
			sourceTree = "<group>";
		};
		084A93AC1F8B55A400C3EA7F /* PlayViewController */ = {
			isa = PBXGroup;
			children = (
				084A93AD1F8B55D900C3EA7F /* MoviePlayerViewController.swift */,
			);
			path = PlayViewController;
			sourceTree = "<group>";
		};
		084A93AF1F8B618200C3EA7F /* Player */ = {
			isa = PBXGroup;
			children = (
				084A93B01F8B61BF00C3EA7F /* LYPlayerControllerView.swift */,
				084A93B21F8B6E6C00C3EA7F /* LYPlayerModel.swift */,
				084A93B41F8B722100C3EA7F /* LYPlayer.bundle */,
				087E24D31F8CC488003A916A /* LYValuePopUpView.swift */,
				0842EE811F8DEFD200343ADE /* LYValueTrackingSlider.swift */,
				083098411F972966008EAA5A /* LYPlayer.swift */,
				08526DE41F9DC3BA00C9D716 /* LYPlayerView.swift */,
			);
			path = Player;
			sourceTree = "<group>";
		};
		08526DED1F9DC8EF00C9D716 /* cell */ = {
			isa = PBXGroup;
			children = (
				08526DEE1F9DC90E00C9D716 /* VideoTableCell.swift */,
				08526DEF1F9DC90E00C9D716 /* VideoTableCell.xib */,
				08526DF21F9DC92600C9D716 /* VideoCollectionCell.swift */,
				08526DF31F9DC92600C9D716 /* VideoCollectionCell.xib */,
			);
			path = cell;
			sourceTree = "<group>";
		};
		3AECA8EC6EE46D5BFA598F9E /* Pods */ = {
			isa = PBXGroup;
			children = (
				4500661D84D275E5114F18EE /* Pods-LYPlayer.debug.xcconfig */,
				6376942ADB044CD3BB77A299 /* Pods-LYPlayer.release.xcconfig */,
				7EF6FE080EA85898034C25D7 /* Pods-LYPlayerTests.debug.xcconfig */,
				4EFD88BBD3FA2D3CFC856C52 /* Pods-LYPlayerTests.release.xcconfig */,
				48DA15B4D4258724172F737E /* Pods-LYPlayerUITests.debug.xcconfig */,
				CA3AF020DF845C3FEDAE7A6B /* Pods-LYPlayerUITests.release.xcconfig */,
			);
			name = Pods;
			sourceTree = "<group>";
		};
		BA71DA148942AC2CE8BD3DDC /* Frameworks */ = {
			isa = PBXGroup;
			children = (
				08D528741FA18F2B00B1F88B /* libReveal.dylib */,
				928ECAB1C7CEC1376B53B4B7 /* Pods_LYPlayer.framework */,
				F1AAE31DF80E8F092961AA9F /* Pods_LYPlayerTests.framework */,
				5E0DC52530CE917E09B889E8 /* Pods_LYPlayerUITests.framework */,
			);
			name = Frameworks;
			sourceTree = "<group>";
		};
/* End PBXGroup section */

/* Begin PBXNativeTarget section */
		084A93771F8B4CA500C3EA7F /* LYPlayer */ = {
			isa = PBXNativeTarget;
			buildConfigurationList = 084A93A01F8B4CA500C3EA7F /* Build configuration list for PBXNativeTarget "LYPlayer" */;
			buildPhases = (
				1CC95B15C4DDEF8A4AEAD507 /* [CP] Check Pods Manifest.lock */,
				084A93741F8B4CA500C3EA7F /* Sources */,
				084A93751F8B4CA500C3EA7F /* Frameworks */,
				084A93761F8B4CA500C3EA7F /* Resources */,
				3839AB61368E5DCEAF657D93 /* [CP] Embed Pods Frameworks */,
				C8A3BFB609FD31822A999283 /* [CP] Copy Pods Resources */,
			);
			buildRules = (
			);
			dependencies = (
			);
			name = LYPlayer;
			productName = LYPlayer;
			productReference = 084A93781F8B4CA500C3EA7F /* LYPlayer.app */;
			productType = "com.apple.product-type.application";
		};
		084A938B1F8B4CA500C3EA7F /* LYPlayerTests */ = {
			isa = PBXNativeTarget;
			buildConfigurationList = 084A93A31F8B4CA500C3EA7F /* Build configuration list for PBXNativeTarget "LYPlayerTests" */;
			buildPhases = (
				97BA9772B20F9E4BAB03BBB8 /* [CP] Check Pods Manifest.lock */,
				084A93881F8B4CA500C3EA7F /* Sources */,
				084A93891F8B4CA500C3EA7F /* Frameworks */,
				084A938A1F8B4CA500C3EA7F /* Resources */,
				CA5D770F4D30A46A1A905FA0 /* [CP] Embed Pods Frameworks */,
				3443EA3C48BD2C9D3D9D5F2D /* [CP] Copy Pods Resources */,
			);
			buildRules = (
			);
			dependencies = (
				084A938E1F8B4CA500C3EA7F /* PBXTargetDependency */,
			);
			name = LYPlayerTests;
			productName = LYPlayerTests;
			productReference = 084A938C1F8B4CA500C3EA7F /* LYPlayerTests.xctest */;
			productType = "com.apple.product-type.bundle.unit-test";
		};
		084A93961F8B4CA500C3EA7F /* LYPlayerUITests */ = {
			isa = PBXNativeTarget;
			buildConfigurationList = 084A93A61F8B4CA500C3EA7F /* Build configuration list for PBXNativeTarget "LYPlayerUITests" */;
			buildPhases = (
				38F5DCC22DF6F81586A3E49B /* [CP] Check Pods Manifest.lock */,
				084A93931F8B4CA500C3EA7F /* Sources */,
				084A93941F8B4CA500C3EA7F /* Frameworks */,
				084A93951F8B4CA500C3EA7F /* Resources */,
				FD402ACC36D47B0FD528215B /* [CP] Embed Pods Frameworks */,
				13431B3B646BEA90496D4EEE /* [CP] Copy Pods Resources */,
			);
			buildRules = (
			);
			dependencies = (
				084A93991F8B4CA500C3EA7F /* PBXTargetDependency */,
			);
			name = LYPlayerUITests;
			productName = LYPlayerUITests;
			productReference = 084A93971F8B4CA500C3EA7F /* LYPlayerUITests.xctest */;
			productType = "com.apple.product-type.bundle.ui-testing";
		};
/* End PBXNativeTarget section */

/* Begin PBXProject section */
		084A93701F8B4CA500C3EA7F /* Project object */ = {
			isa = PBXProject;
			attributes = {
				LastSwiftUpdateCheck = 0900;
				LastUpgradeCheck = 0900;
				ORGANIZATIONNAME = ly;
				TargetAttributes = {
					084A93771F8B4CA500C3EA7F = {
						CreatedOnToolsVersion = 9.0;
						ProvisioningStyle = Automatic;
					};
					084A938B1F8B4CA500C3EA7F = {
						CreatedOnToolsVersion = 9.0;
						ProvisioningStyle = Automatic;
						TestTargetID = 084A93771F8B4CA500C3EA7F;
					};
					084A93961F8B4CA500C3EA7F = {
						CreatedOnToolsVersion = 9.0;
						ProvisioningStyle = Automatic;
						TestTargetID = 084A93771F8B4CA500C3EA7F;
					};
				};
			};
			buildConfigurationList = 084A93731F8B4CA500C3EA7F /* Build configuration list for PBXProject "LYPlayer" */;
			compatibilityVersion = "Xcode 8.0";
			developmentRegion = en;
			hasScannedForEncodings = 0;
			knownRegions = (
				en,
				Base,
			);
			mainGroup = 084A936F1F8B4CA500C3EA7F;
			productRefGroup = 084A93791F8B4CA500C3EA7F /* Products */;
			projectDirPath = "";
			projectRoot = "";
			targets = (
				084A93771F8B4CA500C3EA7F /* LYPlayer */,
				084A938B1F8B4CA500C3EA7F /* LYPlayerTests */,
				084A93961F8B4CA500C3EA7F /* LYPlayerUITests */,
			);
		};
/* End PBXProject section */

/* Begin PBXResourcesBuildPhase section */
		084A93761F8B4CA500C3EA7F /* Resources */ = {
			isa = PBXResourcesBuildPhase;
			buildActionMask = 2147483647;
			files = (
				084A93861F8B4CA500C3EA7F /* LaunchScreen.storyboard in Resources */,
				08526DF51F9DC92600C9D716 /* VideoCollectionCell.xib in Resources */,
				084A93B51F8B722100C3EA7F /* LYPlayer.bundle in Resources */,
				084A93831F8B4CA500C3EA7F /* Assets.xcassets in Resources */,
				08526DFB1F9DD9FB00C9D716 /* videoData.json in Resources */,
				084A93811F8B4CA500C3EA7F /* Main.storyboard in Resources */,
				08526DF11F9DC90E00C9D716 /* VideoTableCell.xib in Resources */,
			);
			runOnlyForDeploymentPostprocessing = 0;
		};
		084A938A1F8B4CA500C3EA7F /* Resources */ = {
			isa = PBXResourcesBuildPhase;
			buildActionMask = 2147483647;
			files = (
			);
			runOnlyForDeploymentPostprocessing = 0;
		};
		084A93951F8B4CA500C3EA7F /* Resources */ = {
			isa = PBXResourcesBuildPhase;
			buildActionMask = 2147483647;
			files = (
			);
			runOnlyForDeploymentPostprocessing = 0;
		};
/* End PBXResourcesBuildPhase section */

/* Begin PBXShellScriptBuildPhase section */
		13431B3B646BEA90496D4EEE /* [CP] Copy Pods Resources */ = {
			isa = PBXShellScriptBuildPhase;
			buildActionMask = 2147483647;
			files = (
			);
			inputPaths = (
			);
			name = "[CP] Copy Pods Resources";
			outputPaths = (
			);
			runOnlyForDeploymentPostprocessing = 0;
			shellPath = /bin/sh;
			shellScript = "\"${SRCROOT}/Pods/Target Support Files/Pods-LYPlayerUITests/Pods-LYPlayerUITests-resources.sh\"\n";
			showEnvVarsInLog = 0;
		};
		1CC95B15C4DDEF8A4AEAD507 /* [CP] Check Pods Manifest.lock */ = {
			isa = PBXShellScriptBuildPhase;
			buildActionMask = 2147483647;
			files = (
			);
			inputPaths = (
			);
			name = "[CP] Check Pods Manifest.lock";
			outputPaths = (
			);
			runOnlyForDeploymentPostprocessing = 0;
			shellPath = /bin/sh;
			shellScript = "diff \"${PODS_ROOT}/../Podfile.lock\" \"${PODS_ROOT}/Manifest.lock\" > /dev/null\nif [ $? != 0 ] ; then\n    # print error to STDERR\n    echo \"error: The sandbox is not in sync with the Podfile.lock. Run 'pod install' or update your CocoaPods installation.\" >&2\n    exit 1\nfi\n";
			showEnvVarsInLog = 0;
		};
		3443EA3C48BD2C9D3D9D5F2D /* [CP] Copy Pods Resources */ = {
			isa = PBXShellScriptBuildPhase;
			buildActionMask = 2147483647;
			files = (
			);
			inputPaths = (
			);
			name = "[CP] Copy Pods Resources";
			outputPaths = (
			);
			runOnlyForDeploymentPostprocessing = 0;
			shellPath = /bin/sh;
			shellScript = "\"${SRCROOT}/Pods/Target Support Files/Pods-LYPlayerTests/Pods-LYPlayerTests-resources.sh\"\n";
			showEnvVarsInLog = 0;
		};
		3839AB61368E5DCEAF657D93 /* [CP] Embed Pods Frameworks */ = {
			isa = PBXShellScriptBuildPhase;
			buildActionMask = 2147483647;
			files = (
			);
			inputPaths = (
			);
			name = "[CP] Embed Pods Frameworks";
			outputPaths = (
			);
			runOnlyForDeploymentPostprocessing = 0;
			shellPath = /bin/sh;
			shellScript = "\"${SRCROOT}/Pods/Target Support Files/Pods-LYPlayer/Pods-LYPlayer-frameworks.sh\"\n";
			showEnvVarsInLog = 0;
		};
		38F5DCC22DF6F81586A3E49B /* [CP] Check Pods Manifest.lock */ = {
			isa = PBXShellScriptBuildPhase;
			buildActionMask = 2147483647;
			files = (
			);
			inputPaths = (
			);
			name = "[CP] Check Pods Manifest.lock";
			outputPaths = (
			);
			runOnlyForDeploymentPostprocessing = 0;
			shellPath = /bin/sh;
			shellScript = "diff \"${PODS_ROOT}/../Podfile.lock\" \"${PODS_ROOT}/Manifest.lock\" > /dev/null\nif [ $? != 0 ] ; then\n    # print error to STDERR\n    echo \"error: The sandbox is not in sync with the Podfile.lock. Run 'pod install' or update your CocoaPods installation.\" >&2\n    exit 1\nfi\n";
			showEnvVarsInLog = 0;
		};
		97BA9772B20F9E4BAB03BBB8 /* [CP] Check Pods Manifest.lock */ = {
			isa = PBXShellScriptBuildPhase;
			buildActionMask = 2147483647;
			files = (
			);
			inputPaths = (
			);
			name = "[CP] Check Pods Manifest.lock";
			outputPaths = (
			);
			runOnlyForDeploymentPostprocessing = 0;
			shellPath = /bin/sh;
			shellScript = "diff \"${PODS_ROOT}/../Podfile.lock\" \"${PODS_ROOT}/Manifest.lock\" > /dev/null\nif [ $? != 0 ] ; then\n    # print error to STDERR\n    echo \"error: The sandbox is not in sync with the Podfile.lock. Run 'pod install' or update your CocoaPods installation.\" >&2\n    exit 1\nfi\n";
			showEnvVarsInLog = 0;
		};
		C8A3BFB609FD31822A999283 /* [CP] Copy Pods Resources */ = {
			isa = PBXShellScriptBuildPhase;
			buildActionMask = 2147483647;
			files = (
			);
			inputPaths = (
			);
			name = "[CP] Copy Pods Resources";
			outputPaths = (
			);
			runOnlyForDeploymentPostprocessing = 0;
			shellPath = /bin/sh;
			shellScript = "\"${SRCROOT}/Pods/Target Support Files/Pods-LYPlayer/Pods-LYPlayer-resources.sh\"\n";
			showEnvVarsInLog = 0;
		};
		CA5D770F4D30A46A1A905FA0 /* [CP] Embed Pods Frameworks */ = {
			isa = PBXShellScriptBuildPhase;
			buildActionMask = 2147483647;
			files = (
			);
			inputPaths = (
			);
			name = "[CP] Embed Pods Frameworks";
			outputPaths = (
			);
			runOnlyForDeploymentPostprocessing = 0;
			shellPath = /bin/sh;
			shellScript = "\"${SRCROOT}/Pods/Target Support Files/Pods-LYPlayerTests/Pods-LYPlayerTests-frameworks.sh\"\n";
			showEnvVarsInLog = 0;
		};
		FD402ACC36D47B0FD528215B /* [CP] Embed Pods Frameworks */ = {
			isa = PBXShellScriptBuildPhase;
			buildActionMask = 2147483647;
			files = (
			);
			inputPaths = (
			);
			name = "[CP] Embed Pods Frameworks";
			outputPaths = (
			);
			runOnlyForDeploymentPostprocessing = 0;
			shellPath = /bin/sh;
			shellScript = "\"${SRCROOT}/Pods/Target Support Files/Pods-LYPlayerUITests/Pods-LYPlayerUITests-frameworks.sh\"\n";
			showEnvVarsInLog = 0;
		};
/* End PBXShellScriptBuildPhase section */

/* Begin PBXSourcesBuildPhase section */
		084A93741F8B4CA500C3EA7F /* Sources */ = {
			isa = PBXSourcesBuildPhase;
			buildActionMask = 2147483647;
			files = (
				08D528751FA18F4100B1F88B /* libReveal.dylib in Sources */,
				08526DEA1F9DC8B200C9D716 /* VideoCollectionViewController.swift in Sources */,
				08526DE81F9DC8A100C9D716 /* VideoTableViewController.swift in Sources */,
				084A93AB1F8B53D900C3EA7F /* VideoListViewController.swift in Sources */,
				083098421F972966008EAA5A /* LYPlayer.swift in Sources */,
				08526DF41F9DC92600C9D716 /* VideoCollectionCell.swift in Sources */,
				08526DF01F9DC90E00C9D716 /* VideoTableCell.swift in Sources */,
				084A937E1F8B4CA500C3EA7F /* ViewController.swift in Sources */,
				084A93B11F8B61BF00C3EA7F /* LYPlayerControllerView.swift in Sources */,
				084A93B31F8B6E6C00C3EA7F /* LYPlayerModel.swift in Sources */,
				084A93AE1F8B55D900C3EA7F /* MoviePlayerViewController.swift in Sources */,
				08526DE51F9DC3BA00C9D716 /* LYPlayerView.swift in Sources */,
				087E24D41F8CC488003A916A /* LYValuePopUpView.swift in Sources */,
				08526DEC1F9DC8D200C9D716 /* DownloadTableViewController.swift in Sources */,
				0842EE821F8DEFD200343ADE /* LYValueTrackingSlider.swift in Sources */,
				084A937C1F8B4CA500C3EA7F /* AppDelegate.swift in Sources */,
			);
			runOnlyForDeploymentPostprocessing = 0;
		};
		084A93881F8B4CA500C3EA7F /* Sources */ = {
			isa = PBXSourcesBuildPhase;
			buildActionMask = 2147483647;
			files = (
				084A93911F8B4CA500C3EA7F /* LYPlayerTests.swift in Sources */,
			);
			runOnlyForDeploymentPostprocessing = 0;
		};
		084A93931F8B4CA500C3EA7F /* Sources */ = {
			isa = PBXSourcesBuildPhase;
			buildActionMask = 2147483647;
			files = (
				084A939C1F8B4CA500C3EA7F /* LYPlayerUITests.swift in Sources */,
			);
			runOnlyForDeploymentPostprocessing = 0;
		};
/* End PBXSourcesBuildPhase section */

/* Begin PBXTargetDependency section */
		084A938E1F8B4CA500C3EA7F /* PBXTargetDependency */ = {
			isa = PBXTargetDependency;
			target = 084A93771F8B4CA500C3EA7F /* LYPlayer */;
			targetProxy = 084A938D1F8B4CA500C3EA7F /* PBXContainerItemProxy */;
		};
		084A93991F8B4CA500C3EA7F /* PBXTargetDependency */ = {
			isa = PBXTargetDependency;
			target = 084A93771F8B4CA500C3EA7F /* LYPlayer */;
			targetProxy = 084A93981F8B4CA500C3EA7F /* PBXContainerItemProxy */;
		};
/* End PBXTargetDependency section */

/* Begin PBXVariantGroup section */
		084A937F1F8B4CA500C3EA7F /* Main.storyboard */ = {
			isa = PBXVariantGroup;
			children = (
				084A93801F8B4CA500C3EA7F /* Base */,
			);
			name = Main.storyboard;
			sourceTree = "<group>";
		};
		084A93841F8B4CA500C3EA7F /* LaunchScreen.storyboard */ = {
			isa = PBXVariantGroup;
			children = (
				084A93851F8B4CA500C3EA7F /* Base */,
			);
			name = LaunchScreen.storyboard;
			sourceTree = "<group>";
		};
/* End PBXVariantGroup section */

/* Begin XCBuildConfiguration section */
		084A939E1F8B4CA500C3EA7F /* Debug */ = {
			isa = XCBuildConfiguration;
			buildSettings = {
				ALWAYS_SEARCH_USER_PATHS = NO;
				CLANG_ANALYZER_NONNULL = YES;
				CLANG_ANALYZER_NUMBER_OBJECT_CONVERSION = YES_AGGRESSIVE;
				CLANG_CXX_LANGUAGE_STANDARD = "gnu++14";
				CLANG_CXX_LIBRARY = "libc++";
				CLANG_ENABLE_MODULES = YES;
				CLANG_ENABLE_OBJC_ARC = YES;
				CLANG_WARN_BLOCK_CAPTURE_AUTORELEASING = YES;
				CLANG_WARN_BOOL_CONVERSION = YES;
				CLANG_WARN_COMMA = YES;
				CLANG_WARN_CONSTANT_CONVERSION = YES;
				CLANG_WARN_DIRECT_OBJC_ISA_USAGE = YES_ERROR;
				CLANG_WARN_DOCUMENTATION_COMMENTS = YES;
				CLANG_WARN_EMPTY_BODY = YES;
				CLANG_WARN_ENUM_CONVERSION = YES;
				CLANG_WARN_INFINITE_RECURSION = YES;
				CLANG_WARN_INT_CONVERSION = YES;
				CLANG_WARN_NON_LITERAL_NULL_CONVERSION = YES;
				CLANG_WARN_OBJC_LITERAL_CONVERSION = YES;
				CLANG_WARN_OBJC_ROOT_CLASS = YES_ERROR;
				CLANG_WARN_RANGE_LOOP_ANALYSIS = YES;
				CLANG_WARN_STRICT_PROTOTYPES = YES;
				CLANG_WARN_SUSPICIOUS_MOVE = YES;
				CLANG_WARN_UNGUARDED_AVAILABILITY = YES_AGGRESSIVE;
				CLANG_WARN_UNREACHABLE_CODE = YES;
				CLANG_WARN__DUPLICATE_METHOD_MATCH = YES;
				CODE_SIGN_IDENTITY = "iPhone Developer";
				COPY_PHASE_STRIP = NO;
				DEBUG_INFORMATION_FORMAT = dwarf;
				ENABLE_STRICT_OBJC_MSGSEND = YES;
				ENABLE_TESTABILITY = YES;
				GCC_C_LANGUAGE_STANDARD = gnu11;
				GCC_DYNAMIC_NO_PIC = NO;
				GCC_NO_COMMON_BLOCKS = YES;
				GCC_OPTIMIZATION_LEVEL = 0;
				GCC_PREPROCESSOR_DEFINITIONS = (
					"DEBUG=1",
					"$(inherited)",
				);
				GCC_WARN_64_TO_32_BIT_CONVERSION = YES;
				GCC_WARN_ABOUT_RETURN_TYPE = YES_ERROR;
				GCC_WARN_UNDECLARED_SELECTOR = YES;
				GCC_WARN_UNINITIALIZED_AUTOS = YES_AGGRESSIVE;
				GCC_WARN_UNUSED_FUNCTION = YES;
				GCC_WARN_UNUSED_VARIABLE = YES;
				IPHONEOS_DEPLOYMENT_TARGET = 11.0;
				MTL_ENABLE_DEBUG_INFO = YES;
				ONLY_ACTIVE_ARCH = YES;
				SDKROOT = iphoneos;
				SWIFT_ACTIVE_COMPILATION_CONDITIONS = DEBUG;
				SWIFT_OPTIMIZATION_LEVEL = "-Onone";
			};
			name = Debug;
		};
		084A939F1F8B4CA500C3EA7F /* Release */ = {
			isa = XCBuildConfiguration;
			buildSettings = {
				ALWAYS_SEARCH_USER_PATHS = NO;
				CLANG_ANALYZER_NONNULL = YES;
				CLANG_ANALYZER_NUMBER_OBJECT_CONVERSION = YES_AGGRESSIVE;
				CLANG_CXX_LANGUAGE_STANDARD = "gnu++14";
				CLANG_CXX_LIBRARY = "libc++";
				CLANG_ENABLE_MODULES = YES;
				CLANG_ENABLE_OBJC_ARC = YES;
				CLANG_WARN_BLOCK_CAPTURE_AUTORELEASING = YES;
				CLANG_WARN_BOOL_CONVERSION = YES;
				CLANG_WARN_COMMA = YES;
				CLANG_WARN_CONSTANT_CONVERSION = YES;
				CLANG_WARN_DIRECT_OBJC_ISA_USAGE = YES_ERROR;
				CLANG_WARN_DOCUMENTATION_COMMENTS = YES;
				CLANG_WARN_EMPTY_BODY = YES;
				CLANG_WARN_ENUM_CONVERSION = YES;
				CLANG_WARN_INFINITE_RECURSION = YES;
				CLANG_WARN_INT_CONVERSION = YES;
				CLANG_WARN_NON_LITERAL_NULL_CONVERSION = YES;
				CLANG_WARN_OBJC_LITERAL_CONVERSION = YES;
				CLANG_WARN_OBJC_ROOT_CLASS = YES_ERROR;
				CLANG_WARN_RANGE_LOOP_ANALYSIS = YES;
				CLANG_WARN_STRICT_PROTOTYPES = YES;
				CLANG_WARN_SUSPICIOUS_MOVE = YES;
				CLANG_WARN_UNGUARDED_AVAILABILITY = YES_AGGRESSIVE;
				CLANG_WARN_UNREACHABLE_CODE = YES;
				CLANG_WARN__DUPLICATE_METHOD_MATCH = YES;
				CODE_SIGN_IDENTITY = "iPhone Developer";
				COPY_PHASE_STRIP = NO;
				DEBUG_INFORMATION_FORMAT = "dwarf-with-dsym";
				ENABLE_NS_ASSERTIONS = NO;
				ENABLE_STRICT_OBJC_MSGSEND = YES;
				GCC_C_LANGUAGE_STANDARD = gnu11;
				GCC_NO_COMMON_BLOCKS = YES;
				GCC_WARN_64_TO_32_BIT_CONVERSION = YES;
				GCC_WARN_ABOUT_RETURN_TYPE = YES_ERROR;
				GCC_WARN_UNDECLARED_SELECTOR = YES;
				GCC_WARN_UNINITIALIZED_AUTOS = YES_AGGRESSIVE;
				GCC_WARN_UNUSED_FUNCTION = YES;
				GCC_WARN_UNUSED_VARIABLE = YES;
				IPHONEOS_DEPLOYMENT_TARGET = 11.0;
				MTL_ENABLE_DEBUG_INFO = NO;
				SDKROOT = iphoneos;
				SWIFT_OPTIMIZATION_LEVEL = "-Owholemodule";
				VALIDATE_PRODUCT = YES;
			};
			name = Release;
		};
		084A93A11F8B4CA500C3EA7F /* Debug */ = {
			isa = XCBuildConfiguration;
			baseConfigurationReference = 4500661D84D275E5114F18EE /* Pods-LYPlayer.debug.xcconfig */;
			buildSettings = {
				ASSETCATALOG_COMPILER_APPICON_NAME = AppIcon;
				CODE_SIGN_STYLE = Automatic;
				DEVELOPMENT_TEAM = 6FL788Y979;
				INFOPLIST_FILE = LYPlayer/Info.plist;
				LD_RUNPATH_SEARCH_PATHS = "$(inherited) @executable_path/Frameworks";
				PRODUCT_BUNDLE_IDENTIFIER = ly.LYPlayer;
				PRODUCT_NAME = "$(TARGET_NAME)";
				SWIFT_VERSION = 4.0;
				TARGETED_DEVICE_FAMILY = "1,2";
			};
			name = Debug;
		};
		084A93A21F8B4CA500C3EA7F /* Release */ = {
			isa = XCBuildConfiguration;
			baseConfigurationReference = 6376942ADB044CD3BB77A299 /* Pods-LYPlayer.release.xcconfig */;
			buildSettings = {
				ASSETCATALOG_COMPILER_APPICON_NAME = AppIcon;
				CODE_SIGN_STYLE = Automatic;
				DEVELOPMENT_TEAM = 6FL788Y979;
				INFOPLIST_FILE = LYPlayer/Info.plist;
				LD_RUNPATH_SEARCH_PATHS = "$(inherited) @executable_path/Frameworks";
				PRODUCT_BUNDLE_IDENTIFIER = ly.LYPlayer;
				PRODUCT_NAME = "$(TARGET_NAME)";
				SWIFT_VERSION = 4.0;
				TARGETED_DEVICE_FAMILY = "1,2";
			};
			name = Release;
		};
		084A93A41F8B4CA500C3EA7F /* Debug */ = {
			isa = XCBuildConfiguration;
			baseConfigurationReference = 7EF6FE080EA85898034C25D7 /* Pods-LYPlayerTests.debug.xcconfig */;
			buildSettings = {
				ALWAYS_EMBED_SWIFT_STANDARD_LIBRARIES = YES;
				BUNDLE_LOADER = "$(TEST_HOST)";
				CODE_SIGN_STYLE = Automatic;
				DEVELOPMENT_TEAM = 6FL788Y979;
				INFOPLIST_FILE = LYPlayerTests/Info.plist;
				LD_RUNPATH_SEARCH_PATHS = "$(inherited) @executable_path/Frameworks @loader_path/Frameworks";
				PRODUCT_BUNDLE_IDENTIFIER = ly.LYPlayerTests;
				PRODUCT_NAME = "$(TARGET_NAME)";
				SWIFT_VERSION = 4.0;
				TARGETED_DEVICE_FAMILY = "1,2";
				TEST_HOST = "$(BUILT_PRODUCTS_DIR)/LYPlayer.app/LYPlayer";
			};
			name = Debug;
		};
		084A93A51F8B4CA500C3EA7F /* Release */ = {
			isa = XCBuildConfiguration;
			baseConfigurationReference = 4EFD88BBD3FA2D3CFC856C52 /* Pods-LYPlayerTests.release.xcconfig */;
			buildSettings = {
				ALWAYS_EMBED_SWIFT_STANDARD_LIBRARIES = YES;
				BUNDLE_LOADER = "$(TEST_HOST)";
				CODE_SIGN_STYLE = Automatic;
				DEVELOPMENT_TEAM = 6FL788Y979;
				INFOPLIST_FILE = LYPlayerTests/Info.plist;
				LD_RUNPATH_SEARCH_PATHS = "$(inherited) @executable_path/Frameworks @loader_path/Frameworks";
				PRODUCT_BUNDLE_IDENTIFIER = ly.LYPlayerTests;
				PRODUCT_NAME = "$(TARGET_NAME)";
				SWIFT_VERSION = 4.0;
				TARGETED_DEVICE_FAMILY = "1,2";
				TEST_HOST = "$(BUILT_PRODUCTS_DIR)/LYPlayer.app/LYPlayer";
			};
			name = Release;
		};
		084A93A71F8B4CA500C3EA7F /* Debug */ = {
			isa = XCBuildConfiguration;
			baseConfigurationReference = 48DA15B4D4258724172F737E /* Pods-LYPlayerUITests.debug.xcconfig */;
			buildSettings = {
				ALWAYS_EMBED_SWIFT_STANDARD_LIBRARIES = YES;
				CODE_SIGN_STYLE = Automatic;
				DEVELOPMENT_TEAM = 6FL788Y979;
				INFOPLIST_FILE = LYPlayerUITests/Info.plist;
				LD_RUNPATH_SEARCH_PATHS = "$(inherited) @executable_path/Frameworks @loader_path/Frameworks";
				PRODUCT_BUNDLE_IDENTIFIER = ly.LYPlayerUITests;
				PRODUCT_NAME = "$(TARGET_NAME)";
				SWIFT_VERSION = 4.0;
				TARGETED_DEVICE_FAMILY = "1,2";
				TEST_TARGET_NAME = LYPlayer;
			};
			name = Debug;
		};
		084A93A81F8B4CA500C3EA7F /* Release */ = {
			isa = XCBuildConfiguration;
			baseConfigurationReference = CA3AF020DF845C3FEDAE7A6B /* Pods-LYPlayerUITests.release.xcconfig */;
			buildSettings = {
				ALWAYS_EMBED_SWIFT_STANDARD_LIBRARIES = YES;
				CODE_SIGN_STYLE = Automatic;
				DEVELOPMENT_TEAM = 6FL788Y979;
				INFOPLIST_FILE = LYPlayerUITests/Info.plist;
				LD_RUNPATH_SEARCH_PATHS = "$(inherited) @executable_path/Frameworks @loader_path/Frameworks";
				PRODUCT_BUNDLE_IDENTIFIER = ly.LYPlayerUITests;
				PRODUCT_NAME = "$(TARGET_NAME)";
				SWIFT_VERSION = 4.0;
				TARGETED_DEVICE_FAMILY = "1,2";
				TEST_TARGET_NAME = LYPlayer;
			};
			name = Release;
		};
/* End XCBuildConfiguration section */

/* Begin XCConfigurationList section */
		084A93731F8B4CA500C3EA7F /* Build configuration list for PBXProject "LYPlayer" */ = {
			isa = XCConfigurationList;
			buildConfigurations = (
				084A939E1F8B4CA500C3EA7F /* Debug */,
				084A939F1F8B4CA500C3EA7F /* Release */,
			);
			defaultConfigurationIsVisible = 0;
			defaultConfigurationName = Release;
		};
		084A93A01F8B4CA500C3EA7F /* Build configuration list for PBXNativeTarget "LYPlayer" */ = {
			isa = XCConfigurationList;
			buildConfigurations = (
				084A93A11F8B4CA500C3EA7F /* Debug */,
				084A93A21F8B4CA500C3EA7F /* Release */,
			);
			defaultConfigurationIsVisible = 0;
			defaultConfigurationName = Release;
		};
		084A93A31F8B4CA500C3EA7F /* Build configuration list for PBXNativeTarget "LYPlayerTests" */ = {
			isa = XCConfigurationList;
			buildConfigurations = (
				084A93A41F8B4CA500C3EA7F /* Debug */,
				084A93A51F8B4CA500C3EA7F /* Release */,
			);
			defaultConfigurationIsVisible = 0;
			defaultConfigurationName = Release;
		};
		084A93A61F8B4CA500C3EA7F /* Build configuration list for PBXNativeTarget "LYPlayerUITests" */ = {
			isa = XCConfigurationList;
			buildConfigurations = (
				084A93A71F8B4CA500C3EA7F /* Debug */,
				084A93A81F8B4CA500C3EA7F /* Release */,
			);
			defaultConfigurationIsVisible = 0;
			defaultConfigurationName = Release;
		};
/* End XCConfigurationList section */
	};
	rootObject = 084A93701F8B4CA500C3EA7F /* Project object */;
}
