PODS:
  - Kingfisher (4.1.0)
  - SnapKit (4.0.0)
  - SwiftyJSON (3.1.4)

DEPENDENCIES:
  - Kingfisher
  - SnapKit
  - SwiftyJSON

SPEC CHECKSUMS:
  Kingfisher: f14df8cbe576bf55f211fa589e9869bceb4ea87d
  SnapKit: a42d492c16e80209130a3379f73596c3454b7694
  SwiftyJSON: c2842d878f95482ffceec5709abc3d05680c0220

PODFILE CHECKSUM: 459e4331b486d3cf8b87ca4914cfd804b87323b5

COCOAPODS: 1.2.0.beta.1
